{
  "nodes": {
    "nixpkgs": {
      "locked": {
        "lastModified": 1642555496,
        "narHash": "sha256-YH1hCEWJQ/JC/YJOV7cWOnLczFnZgDOylcgCOCwFPvQ=",
        "owner": "NixOS",
        "repo": "nixpkgs",
        "rev": "85a146fecb4ccefc074bee197b619e66bd0cdfa3",
        "type": "github"
      },
      "original": {
        "owner": "NixOS",
        "repo": "nixpkgs",
        "type": "github"
      }
    },
    "root": {
      "inputs": {
        "nixpkgs": "nixpkgs"
      }
    }
  },
  "root": "root",
  "version": 7
}
