{
  "nodes": {
    "nixpkgs": {
      "locked": {
        "lastModified": 1649815631,
        "narHash": "sha256-+ip4PuSBPwCGZ5t3wngVM15DtaMH9LJsB4WbiugINXM=",
        "owner": "NixOS",
        "repo": "nixpkgs",
        "rev": "cd80b09f36ec7ebe0393ecd0a11cbcd745bf4a5b",
        "type": "github"
      },
      "original": {
        "owner": "NixOS",
        "repo": "nixpkgs",
        "type": "github"
      }
    },
    "root": {
      "inputs": {
        "nixpkgs": "nixpkgs"
      }
    }
  },
  "root": "root",
  "version": 7
}
