{
  "nodes": {
    "nixpkgs": {
      "locked": {
        "lastModified": 1645577031,
        "narHash": "sha256-97wE509tn0bH907xch9SwjLcOfACghy9j56bToInsJM=",
        "owner": "NixOS",
        "repo": "nixpkgs",
        "rev": "244185c486428aecec8d9e5aa13d2ef6f6432935",
        "type": "github"
      },
      "original": {
        "owner": "NixOS",
        "repo": "nixpkgs",
        "type": "github"
      }
    },
    "root": {
      "inputs": {
        "nixpkgs": "nixpkgs"
      }
    }
  },
  "root": "root",
  "version": 7
}
